# THIS IS AN AUTOGENERATED FILE. DO NOT EDIT THIS FILE DIRECTLY.
# yarn lockfile v1


"@types/node@16.*":
  version "16.18.11"
  resolved "https://registry.yarnpkg.com/@types/node/-/node-16.18.11.tgz#cbb15c12ca7c16c85a72b6bdc4d4b01151bb3cae"
  integrity sha512-3oJbGBUWuS6ahSnEq1eN2XrCyf4YsWI8OyCvo7c64zQJNplk3mO84t53o8lfTk+2ji59g5ycfc6qQ3fdHliHuA==

node-downloader-helper@2.1.6:
  version "2.1.6"
  resolved "https://registry.yarnpkg.com/node-downloader-helper/-/node-downloader-helper-2.1.6.tgz#f73ac458e3ac8c21afd0b952a994eab99c64b879"
  integrity sha512-VkOvAXIopI3xMuM/MC5UL7NqqnizQ/9QXZt28jR8FPZ6fHLQm4xe4+YXJ9FqsWwLho5BLXrF51nfOQ0QcohRkQ==
